
Microsoft Visual Studio Solution File, Format Version 12.00
# Visual Studio Version 16
VisualStudioVersion = 16.0.30413.136
MinimumVisualStudioVersion = 10.0.40219.1
Project("{9A19103F-16F7-4668-BE54-9A1E7A4F7556}") = "WhichTagApi", "WhichTagApi\WhichTagApi.csproj", "{CE71A380-4017-4957-9A20-6E56F417C142}"
EndProject
Project("{9A19103F-16F7-4668-BE54-9A1E7A4F7556}") = "TwitterClient", "TwitterClient\TwitterClient.csproj", "{58A73BE5-704C-4372-99E2-9729FAE7C4A7}"
EndProject
Global
	GlobalSection(SolutionConfigurationPlatforms) = preSolution
		Debug|Any CPU = Debug|Any CPU
		Release|Any CPU = Release|Any CPU
	EndGlobalSection
	GlobalSection(ProjectConfigurationPlatforms) = postSolution
		{CE71A380-4017-4957-9A20-6E56F417C142}.Debug|Any CPU.ActiveCfg = Debug|Any CPU
		{CE71A380-4017-4957-9A20-6E56F417C142}.Debug|Any CPU.Build.0 = Debug|Any CPU
		{CE71A380-4017-4957-9A20-6E56F417C142}.Release|Any CPU.ActiveCfg = Release|Any CPU
		{CE71A380-4017-4957-9A20-6E56F417C142}.Release|Any CPU.Build.0 = Release|Any CPU
		{58A73BE5-704C-4372-99E2-9729FAE7C4A7}.Debug|Any CPU.ActiveCfg = Debug|Any CPU
		{58A73BE5-704C-4372-99E2-9729FAE7C4A7}.Debug|Any CPU.Build.0 = Debug|Any CPU
		{58A73BE5-704C-4372-99E2-9729FAE7C4A7}.Release|Any CPU.ActiveCfg = Release|Any CPU
		{58A73BE5-704C-4372-99E2-9729FAE7C4A7}.Release|Any CPU.Build.0 = Release|Any CPU
	EndGlobalSection
	GlobalSection(SolutionProperties) = preSolution
		HideSolutionNode = FALSE
	EndGlobalSection
	GlobalSection(ExtensibilityGlobals) = postSolution
		SolutionGuid = {888E49C1-517B-42C0-B863-482FF6682619}
	EndGlobalSection
EndGlobal
